
Microsoft Visual Studio Solution File, Format Version 12.00
Project("{FAE04EC0-301F-11D3-BF4B-00C04F79EFBC}") = "Most Frequent Words", "Most Frequent Words\Most Frequent Words.csproj", "{35C2570C-BD20-434C-A354-C45F73893E88}"
EndProject
Project("{FAE04EC0-301F-11D3-BF4B-00C04F79EFBC}") = "Are They Same", "Are They Same\Are They Same.csproj", "{94005FDE-2FAB-4369-A945-3139B0A2412C}"
EndProject
Project("{FAE04EC0-301F-11D3-BF4B-00C04F79EFBC}") = "ArrayDiff", "ArrayDiff\ArrayDiff.csproj", "{3F8B57AC-7CC7-437E-A2DE-87E9956E1262}"
EndProject
Project("{FAE04EC0-301F-11D3-BF4B-00C04F79EFBC}") = "IPValidation", "IPValidation\IPValidation.csproj", "{2607584D-CB77-4A58-926C-4EE06D32340C}"
EndProject
Project("{FAE04EC0-301F-11D3-BF4B-00C04F79EFBC}") = "BuyingCar", "BuyingCar\BuyingCar.csproj", "{ED1E16FD-79E4-4218-93D2-6BC455FE36B8}"
EndProject
Project("{FAE04EC0-301F-11D3-BF4B-00C04F79EFBC}") = "SumOfIntervals", "SumOfIntervals\SumOfIntervals.csproj", "{C6349890-58FA-4EDB-A0C1-1FE3669FFE62}"
EndProject
Project("{FAE04EC0-301F-11D3-BF4B-00C04F79EFBC}") = "Benchmarks", "Benchmarks\Benchmarks.csproj", "{73DA585A-1494-43DB-89D6-24B658E04801}"
EndProject
Project("{FAE04EC0-301F-11D3-BF4B-00C04F79EFBC}") = "MainConsoleApplication", "ProgrammingChallenges\MainConsoleApplication\MainConsoleApplication.csproj", "{B6694A4F-5074-4556-AF52-CE9110372A85}"
EndProject
Project("{2150E333-8FDC-42A3-9474-1A3956D46DE8}") = "ProgrammingChallenges", "ProgrammingChallenges", "{74DE81CB-D983-445D-8871-D8CE10DB2321}"
EndProject
Project("{FAE04EC0-301F-11D3-BF4B-00C04F79EFBC}") = "MarkovChainSentenceGenerator_4", "ProgrammingChallenges\MarkovChainSentenceGenerator_4\MarkovChainSentenceGenerator_4.csproj", "{C5666B22-D06D-4506-8CA8-7BB88A2CE635}"
EndProject
Global
	GlobalSection(SolutionConfigurationPlatforms) = preSolution
		Debug|Any CPU = Debug|Any CPU
		Release|Any CPU = Release|Any CPU
	EndGlobalSection
	GlobalSection(ProjectConfigurationPlatforms) = postSolution
		{35C2570C-BD20-434C-A354-C45F73893E88}.Debug|Any CPU.ActiveCfg = Debug|Any CPU
		{35C2570C-BD20-434C-A354-C45F73893E88}.Debug|Any CPU.Build.0 = Debug|Any CPU
		{35C2570C-BD20-434C-A354-C45F73893E88}.Release|Any CPU.ActiveCfg = Release|Any CPU
		{35C2570C-BD20-434C-A354-C45F73893E88}.Release|Any CPU.Build.0 = Release|Any CPU
		{94005FDE-2FAB-4369-A945-3139B0A2412C}.Debug|Any CPU.ActiveCfg = Debug|Any CPU
		{94005FDE-2FAB-4369-A945-3139B0A2412C}.Debug|Any CPU.Build.0 = Debug|Any CPU
		{94005FDE-2FAB-4369-A945-3139B0A2412C}.Release|Any CPU.ActiveCfg = Release|Any CPU
		{94005FDE-2FAB-4369-A945-3139B0A2412C}.Release|Any CPU.Build.0 = Release|Any CPU
		{3F8B57AC-7CC7-437E-A2DE-87E9956E1262}.Debug|Any CPU.ActiveCfg = Debug|Any CPU
		{3F8B57AC-7CC7-437E-A2DE-87E9956E1262}.Debug|Any CPU.Build.0 = Debug|Any CPU
		{3F8B57AC-7CC7-437E-A2DE-87E9956E1262}.Release|Any CPU.ActiveCfg = Release|Any CPU
		{3F8B57AC-7CC7-437E-A2DE-87E9956E1262}.Release|Any CPU.Build.0 = Release|Any CPU
		{2607584D-CB77-4A58-926C-4EE06D32340C}.Debug|Any CPU.ActiveCfg = Debug|Any CPU
		{2607584D-CB77-4A58-926C-4EE06D32340C}.Debug|Any CPU.Build.0 = Debug|Any CPU
		{2607584D-CB77-4A58-926C-4EE06D32340C}.Release|Any CPU.ActiveCfg = Release|Any CPU
		{2607584D-CB77-4A58-926C-4EE06D32340C}.Release|Any CPU.Build.0 = Release|Any CPU
		{ED1E16FD-79E4-4218-93D2-6BC455FE36B8}.Debug|Any CPU.ActiveCfg = Debug|Any CPU
		{ED1E16FD-79E4-4218-93D2-6BC455FE36B8}.Debug|Any CPU.Build.0 = Debug|Any CPU
		{ED1E16FD-79E4-4218-93D2-6BC455FE36B8}.Release|Any CPU.ActiveCfg = Release|Any CPU
		{ED1E16FD-79E4-4218-93D2-6BC455FE36B8}.Release|Any CPU.Build.0 = Release|Any CPU
		{C6349890-58FA-4EDB-A0C1-1FE3669FFE62}.Debug|Any CPU.ActiveCfg = Debug|Any CPU
		{C6349890-58FA-4EDB-A0C1-1FE3669FFE62}.Debug|Any CPU.Build.0 = Debug|Any CPU
		{C6349890-58FA-4EDB-A0C1-1FE3669FFE62}.Release|Any CPU.ActiveCfg = Release|Any CPU
		{C6349890-58FA-4EDB-A0C1-1FE3669FFE62}.Release|Any CPU.Build.0 = Release|Any CPU
		{73DA585A-1494-43DB-89D6-24B658E04801}.Debug|Any CPU.ActiveCfg = Debug|Any CPU
		{73DA585A-1494-43DB-89D6-24B658E04801}.Debug|Any CPU.Build.0 = Debug|Any CPU
		{73DA585A-1494-43DB-89D6-24B658E04801}.Release|Any CPU.ActiveCfg = Release|Any CPU
		{73DA585A-1494-43DB-89D6-24B658E04801}.Release|Any CPU.Build.0 = Release|Any CPU
		{B6694A4F-5074-4556-AF52-CE9110372A85}.Debug|Any CPU.ActiveCfg = Debug|Any CPU
		{B6694A4F-5074-4556-AF52-CE9110372A85}.Debug|Any CPU.Build.0 = Debug|Any CPU
		{B6694A4F-5074-4556-AF52-CE9110372A85}.Release|Any CPU.ActiveCfg = Release|Any CPU
		{B6694A4F-5074-4556-AF52-CE9110372A85}.Release|Any CPU.Build.0 = Release|Any CPU
		{C5666B22-D06D-4506-8CA8-7BB88A2CE635}.Debug|Any CPU.ActiveCfg = Debug|Any CPU
		{C5666B22-D06D-4506-8CA8-7BB88A2CE635}.Debug|Any CPU.Build.0 = Debug|Any CPU
		{C5666B22-D06D-4506-8CA8-7BB88A2CE635}.Release|Any CPU.ActiveCfg = Release|Any CPU
		{C5666B22-D06D-4506-8CA8-7BB88A2CE635}.Release|Any CPU.Build.0 = Release|Any CPU
	EndGlobalSection
	GlobalSection(NestedProjects) = preSolution
		{B6694A4F-5074-4556-AF52-CE9110372A85} = {74DE81CB-D983-445D-8871-D8CE10DB2321}
		{C5666B22-D06D-4506-8CA8-7BB88A2CE635} = {74DE81CB-D983-445D-8871-D8CE10DB2321}
	EndGlobalSection
EndGlobal
